// !$*UTF8*$!
{
	archiveVersion = 1;
	classes = {
	};
	objectVersion = 50;
	objects = {

/* Begin PBXBuildFile section */
		08226FE122157E68005C780A /* AppDelegate.swift in Sources */ = {isa = PBXBuildFile; fileRef = 08226FE022157E68005C780A /* AppDelegate.swift */; };
		08226FE322157E68005C780A /* ChecklistViewController.swift in Sources */ = {isa = PBXBuildFile; fileRef = 08226FE222157E68005C780A /* ChecklistViewController.swift */; };
		08226FE622157E68005C780A /* Main.storyboard in Resources */ = {isa = PBXBuildFile; fileRef = 08226FE422157E68005C780A /* Main.storyboard */; };
		08226FE822157E69005C780A /* Assets.xcassets in Resources */ = {isa = PBXBuildFile; fileRef = 08226FE722157E69005C780A /* Assets.xcassets */; };
		08226FFB22159EDF005C780A /* ChecklistItem.swift in Sources */ = {isa = PBXBuildFile; fileRef = 08226FFA22159EDF005C780A /* ChecklistItem.swift */; };
		08226FFD2215BD83005C780A /* itemDetailViewController.swift in Sources */ = {isa = PBXBuildFile; fileRef = 08226FFC2215BD83005C780A /* itemDetailViewController.swift */; };
		085EEF4D223A8FEE00777E03 /* DataModel.swift in Sources */ = {isa = PBXBuildFile; fileRef = 085EEF4C223A8FEE00777E03 /* DataModel.swift */; };
		0866D78D223A405F00F5F057 /* AllListViewController.swift in Sources */ = {isa = PBXBuildFile; fileRef = 0866D78C223A405F00F5F057 /* AllListViewController.swift */; };
		0866D78F223A4C1600F5F057 /* CheckList.swift in Sources */ = {isa = PBXBuildFile; fileRef = 0866D78E223A4C1600F5F057 /* CheckList.swift */; };
		0866D791223A5FD800F5F057 /* ListDetailViewController.swift in Sources */ = {isa = PBXBuildFile; fileRef = 0866D790223A5FD800F5F057 /* ListDetailViewController.swift */; };
		08741E5F2243C392003416D3 /* IconAsset.swift in Sources */ = {isa = PBXBuildFile; fileRef = 08741E5E2243C392003416D3 /* IconAsset.swift */; };
		08741E612243D0DA003416D3 /* IconPickerViewController.swift in Sources */ = {isa = PBXBuildFile; fileRef = 08741E602243D0DA003416D3 /* IconPickerViewController.swift */; };
		08DD279E221EBEEF003C12DA /* CheckListItemCell.swift in Sources */ = {isa = PBXBuildFile; fileRef = 08DD279D221EBEEF003C12DA /* CheckListItemCell.swift */; };
/* End PBXBuildFile section */

/* Begin PBXFileReference section */
		08226FDD22157E68005C780A /* TodoList.app */ = {isa = PBXFileReference; explicitFileType = wrapper.application; includeInIndex = 0; path = TodoList.app; sourceTree = BUILT_PRODUCTS_DIR; };
		08226FE022157E68005C780A /* AppDelegate.swift */ = {isa = PBXFileReference; lastKnownFileType = sourcecode.swift; path = AppDelegate.swift; sourceTree = "<group>"; };
		08226FE222157E68005C780A /* ChecklistViewController.swift */ = {isa = PBXFileReference; lastKnownFileType = sourcecode.swift; path = ChecklistViewController.swift; sourceTree = "<group>"; };
		08226FE522157E68005C780A /* Base */ = {isa = PBXFileReference; lastKnownFileType = file.storyboard; name = Base; path = Base.lproj/Main.storyboard; sourceTree = "<group>"; };
		08226FE722157E69005C780A /* Assets.xcassets */ = {isa = PBXFileReference; lastKnownFileType = folder.assetcatalog; path = Assets.xcassets; sourceTree = "<group>"; };
		08226FEC22157E6A005C780A /* Info.plist */ = {isa = PBXFileReference; lastKnownFileType = text.plist.xml; path = Info.plist; sourceTree = "<group>"; };
		08226FFA22159EDF005C780A /* ChecklistItem.swift */ = {isa = PBXFileReference; lastKnownFileType = sourcecode.swift; path = ChecklistItem.swift; sourceTree = "<group>"; };
		08226FFC2215BD83005C780A /* itemDetailViewController.swift */ = {isa = PBXFileReference; lastKnownFileType = sourcecode.swift; path = itemDetailViewController.swift; sourceTree = "<group>"; };
		085EEF4C223A8FEE00777E03 /* DataModel.swift */ = {isa = PBXFileReference; lastKnownFileType = sourcecode.swift; path = DataModel.swift; sourceTree = "<group>"; };
		0866D78C223A405F00F5F057 /* AllListViewController.swift */ = {isa = PBXFileReference; lastKnownFileType = sourcecode.swift; path = AllListViewController.swift; sourceTree = "<group>"; };
		0866D78E223A4C1600F5F057 /* CheckList.swift */ = {isa = PBXFileReference; lastKnownFileType = sourcecode.swift; path = CheckList.swift; sourceTree = "<group>"; };
		0866D790223A5FD800F5F057 /* ListDetailViewController.swift */ = {isa = PBXFileReference; lastKnownFileType = sourcecode.swift; path = ListDetailViewController.swift; sourceTree = "<group>"; };
		08741E5E2243C392003416D3 /* IconAsset.swift */ = {isa = PBXFileReference; lastKnownFileType = sourcecode.swift; path = IconAsset.swift; sourceTree = "<group>"; };
		08741E602243D0DA003416D3 /* IconPickerViewController.swift */ = {isa = PBXFileReference; lastKnownFileType = sourcecode.swift; path = IconPickerViewController.swift; sourceTree = "<group>"; };
		08DD279D221EBEEF003C12DA /* CheckListItemCell.swift */ = {isa = PBXFileReference; lastKnownFileType = sourcecode.swift; path = CheckListItemCell.swift; sourceTree = "<group>"; };
/* End PBXFileReference section */

/* Begin PBXFrameworksBuildPhase section */
		08226FDA22157E68005C780A /* Frameworks */ = {
			isa = PBXFrameworksBuildPhase;
			buildActionMask = 2147483647;
			files = (
			);
			runOnlyForDeploymentPostprocessing = 0;
		};
/* End PBXFrameworksBuildPhase section */

/* Begin PBXGroup section */
		08226FD422157E68005C780A = {
			isa = PBXGroup;
			children = (
				08226FDF22157E68005C780A /* TodoList */,
				08226FDE22157E68005C780A /* Products */,
			);
			sourceTree = "<group>";
		};
		08226FDE22157E68005C780A /* Products */ = {
			isa = PBXGroup;
			children = (
				08226FDD22157E68005C780A /* TodoList.app */,
			);
			name = Products;
			sourceTree = "<group>";
		};
		08226FDF22157E68005C780A /* TodoList */ = {
			isa = PBXGroup;
			children = (
				08226FF622159E34005C780A /* Controllers */,
				08226FF522159E2E005C780A /* Views */,
				08226FF422159E24005C780A /* Models */,
				08226FE722157E69005C780A /* Assets.xcassets */,
				08226FEC22157E6A005C780A /* Info.plist */,
			);
			path = TodoList;
			sourceTree = "<group>";
		};
		08226FF422159E24005C780A /* Models */ = {
			isa = PBXGroup;
			children = (
				08226FFA22159EDF005C780A /* ChecklistItem.swift */,
				08DD279D221EBEEF003C12DA /* CheckListItemCell.swift */,
				0866D78E223A4C1600F5F057 /* CheckList.swift */,
				08741E5E2243C392003416D3 /* IconAsset.swift */,
			);
			path = Models;
			sourceTree = "<group>";
		};
		08226FF522159E2E005C780A /* Views */ = {
			isa = PBXGroup;
			children = (
				08226FE422157E68005C780A /* Main.storyboard */,
			);
			path = Views;
			sourceTree = "<group>";
		};
		08226FF622159E34005C780A /* Controllers */ = {
			isa = PBXGroup;
			children = (
				085EEF4C223A8FEE00777E03 /* DataModel.swift */,
				08226FE022157E68005C780A /* AppDelegate.swift */,
				08226FE222157E68005C780A /* ChecklistViewController.swift */,
				08226FFC2215BD83005C780A /* itemDetailViewController.swift */,
				0866D78C223A405F00F5F057 /* AllListViewController.swift */,
				0866D790223A5FD800F5F057 /* ListDetailViewController.swift */,
				08741E602243D0DA003416D3 /* IconPickerViewController.swift */,
			);
			path = Controllers;
			sourceTree = "<group>";
		};
/* End PBXGroup section */

/* Begin PBXNativeTarget section */
		08226FDC22157E68005C780A /* TodoList */ = {
			isa = PBXNativeTarget;
			buildConfigurationList = 08226FEF22157E6A005C780A /* Build configuration list for PBXNativeTarget "TodoList" */;
			buildPhases = (
				08226FD922157E68005C780A /* Sources */,
				08226FDA22157E68005C780A /* Frameworks */,
				08226FDB22157E68005C780A /* Resources */,
			);
			buildRules = (
			);
			dependencies = (
			);
			name = TodoList;
			productName = TodoList;
			productReference = 08226FDD22157E68005C780A /* TodoList.app */;
			productType = "com.apple.product-type.application";
		};
/* End PBXNativeTarget section */

/* Begin PBXProject section */
		08226FD522157E68005C780A /* Project object */ = {
			isa = PBXProject;
			attributes = {
				LastSwiftUpdateCheck = 1010;
				LastUpgradeCheck = 1010;
				ORGANIZATIONNAME = lpiem.valentin;
				TargetAttributes = {
					08226FDC22157E68005C780A = {
						CreatedOnToolsVersion = 10.1;
					};
				};
			};
			buildConfigurationList = 08226FD822157E68005C780A /* Build configuration list for PBXProject "TodoList" */;
			compatibilityVersion = "Xcode 9.3";
			developmentRegion = en;
			hasScannedForEncodings = 0;
			knownRegions = (
				en,
				Base,
			);
			mainGroup = 08226FD422157E68005C780A;
			productRefGroup = 08226FDE22157E68005C780A /* Products */;
			projectDirPath = "";
			projectRoot = "";
			targets = (
				08226FDC22157E68005C780A /* TodoList */,
			);
		};
/* End PBXProject section */

/* Begin PBXResourcesBuildPhase section */
		08226FDB22157E68005C780A /* Resources */ = {
			isa = PBXResourcesBuildPhase;
			buildActionMask = 2147483647;
			files = (
				08226FE822157E69005C780A /* Assets.xcassets in Resources */,
				08226FE622157E68005C780A /* Main.storyboard in Resources */,
			);
			runOnlyForDeploymentPostprocessing = 0;
		};
/* End PBXResourcesBuildPhase section */

/* Begin PBXSourcesBuildPhase section */
		08226FD922157E68005C780A /* Sources */ = {
			isa = PBXSourcesBuildPhase;
			buildActionMask = 2147483647;
			files = (
				0866D78D223A405F00F5F057 /* AllListViewController.swift in Sources */,
				08226FFD2215BD83005C780A /* itemDetailViewController.swift in Sources */,
				08226FE322157E68005C780A /* ChecklistViewController.swift in Sources */,
				0866D78F223A4C1600F5F057 /* CheckList.swift in Sources */,
				085EEF4D223A8FEE00777E03 /* DataModel.swift in Sources */,
				08741E612243D0DA003416D3 /* IconPickerViewController.swift in Sources */,
				08DD279E221EBEEF003C12DA /* CheckListItemCell.swift in Sources */,
				08226FFB22159EDF005C780A /* ChecklistItem.swift in Sources */,
				08226FE122157E68005C780A /* AppDelegate.swift in Sources */,
				0866D791223A5FD800F5F057 /* ListDetailViewController.swift in Sources */,
				08741E5F2243C392003416D3 /* IconAsset.swift in Sources */,
			);
			runOnlyForDeploymentPostprocessing = 0;
		};
/* End PBXSourcesBuildPhase section */

/* Begin PBXVariantGroup section */
		08226FE422157E68005C780A /* Main.storyboard */ = {
			isa = PBXVariantGroup;
			children = (
				08226FE522157E68005C780A /* Base */,
			);
			name = Main.storyboard;
			sourceTree = "<group>";
		};
/* End PBXVariantGroup section */

/* Begin XCBuildConfiguration section */
		08226FED22157E6A005C780A /* Debug */ = {
			isa = XCBuildConfiguration;
			buildSettings = {
				ALWAYS_SEARCH_USER_PATHS = NO;
				CLANG_ANALYZER_NONNULL = YES;
				CLANG_ANALYZER_NUMBER_OBJECT_CONVERSION = YES_AGGRESSIVE;
				CLANG_CXX_LANGUAGE_STANDARD = "gnu++14";
				CLANG_CXX_LIBRARY = "libc++";
				CLANG_ENABLE_MODULES = YES;
				CLANG_ENABLE_OBJC_ARC = YES;
				CLANG_ENABLE_OBJC_WEAK = YES;
				CLANG_WARN_BLOCK_CAPTURE_AUTORELEASING = YES;
				CLANG_WARN_BOOL_CONVERSION = YES;
				CLANG_WARN_COMMA = YES;
				CLANG_WARN_CONSTANT_CONVERSION = YES;
				CLANG_WARN_DEPRECATED_OBJC_IMPLEMENTATIONS = YES;
				CLANG_WARN_DIRECT_OBJC_ISA_USAGE = YES_ERROR;
				CLANG_WARN_DOCUMENTATION_COMMENTS = YES;
				CLANG_WARN_EMPTY_BODY = YES;
				CLANG_WARN_ENUM_CONVERSION = YES;
				CLANG_WARN_INFINITE_RECURSION = YES;
				CLANG_WARN_INT_CONVERSION = YES;
				CLANG_WARN_NON_LITERAL_NULL_CONVERSION = YES;
				CLANG_WARN_OBJC_IMPLICIT_RETAIN_SELF = YES;
				CLANG_WARN_OBJC_LITERAL_CONVERSION = YES;
				CLANG_WARN_OBJC_ROOT_CLASS = YES_ERROR;
				CLANG_WARN_RANGE_LOOP_ANALYSIS = YES;
				CLANG_WARN_STRICT_PROTOTYPES = YES;
				CLANG_WARN_SUSPICIOUS_MOVE = YES;
				CLANG_WARN_UNGUARDED_AVAILABILITY = YES_AGGRESSIVE;
				CLANG_WARN_UNREACHABLE_CODE = YES;
				CLANG_WARN__DUPLICATE_METHOD_MATCH = YES;
				CODE_SIGN_IDENTITY = "iPhone Developer";
				COPY_PHASE_STRIP = NO;
				DEBUG_INFORMATION_FORMAT = dwarf;
				ENABLE_STRICT_OBJC_MSGSEND = YES;
				ENABLE_TESTABILITY = YES;
				GCC_C_LANGUAGE_STANDARD = gnu11;
				GCC_DYNAMIC_NO_PIC = NO;
				GCC_NO_COMMON_BLOCKS = YES;
				GCC_OPTIMIZATION_LEVEL = 0;
				GCC_PREPROCESSOR_DEFINITIONS = (
					"DEBUG=1",
					"$(inherited)",
				);
				GCC_WARN_64_TO_32_BIT_CONVERSION = YES;
				GCC_WARN_ABOUT_RETURN_TYPE = YES_ERROR;
				GCC_WARN_UNDECLARED_SELECTOR = YES;
				GCC_WARN_UNINITIALIZED_AUTOS = YES_AGGRESSIVE;
				GCC_WARN_UNUSED_FUNCTION = YES;
				GCC_WARN_UNUSED_VARIABLE = YES;
				IPHONEOS_DEPLOYMENT_TARGET = 12.1;
				MTL_ENABLE_DEBUG_INFO = INCLUDE_SOURCE;
				MTL_FAST_MATH = YES;
				ONLY_ACTIVE_ARCH = YES;
				SDKROOT = iphoneos;
				SWIFT_ACTIVE_COMPILATION_CONDITIONS = DEBUG;
				SWIFT_OPTIMIZATION_LEVEL = "-Onone";
			};
			name = Debug;
		};
		08226FEE22157E6A005C780A /* Release */ = {
			isa = XCBuildConfiguration;
			buildSettings = {
				ALWAYS_SEARCH_USER_PATHS = NO;
				CLANG_ANALYZER_NONNULL = YES;
				CLANG_ANALYZER_NUMBER_OBJECT_CONVERSION = YES_AGGRESSIVE;
				CLANG_CXX_LANGUAGE_STANDARD = "gnu++14";
				CLANG_CXX_LIBRARY = "libc++";
				CLANG_ENABLE_MODULES = YES;
				CLANG_ENABLE_OBJC_ARC = YES;
				CLANG_ENABLE_OBJC_WEAK = YES;
				CLANG_WARN_BLOCK_CAPTURE_AUTORELEASING = YES;
				CLANG_WARN_BOOL_CONVERSION = YES;
				CLANG_WARN_COMMA = YES;
				CLANG_WARN_CONSTANT_CONVERSION = YES;
				CLANG_WARN_DEPRECATED_OBJC_IMPLEMENTATIONS = YES;
				CLANG_WARN_DIRECT_OBJC_ISA_USAGE = YES_ERROR;
				CLANG_WARN_DOCUMENTATION_COMMENTS = YES;
				CLANG_WARN_EMPTY_BODY = YES;
				CLANG_WARN_ENUM_CONVERSION = YES;
				CLANG_WARN_INFINITE_RECURSION = YES;
				CLANG_WARN_INT_CONVERSION = YES;
				CLANG_WARN_NON_LITERAL_NULL_CONVERSION = YES;
				CLANG_WARN_OBJC_IMPLICIT_RETAIN_SELF = YES;
				CLANG_WARN_OBJC_LITERAL_CONVERSION = YES;
				CLANG_WARN_OBJC_ROOT_CLASS = YES_ERROR;
				CLANG_WARN_RANGE_LOOP_ANALYSIS = YES;
				CLANG_WARN_STRICT_PROTOTYPES = YES;
				CLANG_WARN_SUSPICIOUS_MOVE = YES;
				CLANG_WARN_UNGUARDED_AVAILABILITY = YES_AGGRESSIVE;
				CLANG_WARN_UNREACHABLE_CODE = YES;
				CLANG_WARN__DUPLICATE_METHOD_MATCH = YES;
				CODE_SIGN_IDENTITY = "iPhone Developer";
				COPY_PHASE_STRIP = NO;
				DEBUG_INFORMATION_FORMAT = "dwarf-with-dsym";
				ENABLE_NS_ASSERTIONS = NO;
				ENABLE_STRICT_OBJC_MSGSEND = YES;
				GCC_C_LANGUAGE_STANDARD = gnu11;
				GCC_NO_COMMON_BLOCKS = YES;
				GCC_WARN_64_TO_32_BIT_CONVERSION = YES;
				GCC_WARN_ABOUT_RETURN_TYPE = YES_ERROR;
				GCC_WARN_UNDECLARED_SELECTOR = YES;
				GCC_WARN_UNINITIALIZED_AUTOS = YES_AGGRESSIVE;
				GCC_WARN_UNUSED_FUNCTION = YES;
				GCC_WARN_UNUSED_VARIABLE = YES;
				IPHONEOS_DEPLOYMENT_TARGET = 12.1;
				MTL_ENABLE_DEBUG_INFO = NO;
				MTL_FAST_MATH = YES;
				SDKROOT = iphoneos;
				SWIFT_COMPILATION_MODE = wholemodule;
				SWIFT_OPTIMIZATION_LEVEL = "-O";
				VALIDATE_PRODUCT = YES;
			};
			name = Release;
		};
		08226FF022157E6A005C780A /* Debug */ = {
			isa = XCBuildConfiguration;
			buildSettings = {
				ASSETCATALOG_COMPILER_APPICON_NAME = AppIcon;
				CODE_SIGN_STYLE = Automatic;
				INFOPLIST_FILE = TodoList/Info.plist;
				LD_RUNPATH_SEARCH_PATHS = (
					"$(inherited)",
					"@executable_path/Frameworks",
				);
				PRODUCT_BUNDLE_IDENTIFIER = com.lp.iem.valentin.TodoList;
				PRODUCT_NAME = "$(TARGET_NAME)";
				SWIFT_VERSION = 4.2;
				TARGETED_DEVICE_FAMILY = "1,2";
			};
			name = Debug;
		};
		08226FF122157E6A005C780A /* Release */ = {
			isa = XCBuildConfiguration;
			buildSettings = {
				ASSETCATALOG_COMPILER_APPICON_NAME = AppIcon;
				CODE_SIGN_STYLE = Automatic;
				INFOPLIST_FILE = TodoList/Info.plist;
				LD_RUNPATH_SEARCH_PATHS = (
					"$(inherited)",
					"@executable_path/Frameworks",
				);
				PRODUCT_BUNDLE_IDENTIFIER = com.lp.iem.valentin.TodoList;
				PRODUCT_NAME = "$(TARGET_NAME)";
				SWIFT_VERSION = 4.2;
				TARGETED_DEVICE_FAMILY = "1,2";
			};
			name = Release;
		};
/* End XCBuildConfiguration section */

/* Begin XCConfigurationList section */
		08226FD822157E68005C780A /* Build configuration list for PBXProject "TodoList" */ = {
			isa = XCConfigurationList;
			buildConfigurations = (
				08226FED22157E6A005C780A /* Debug */,
				08226FEE22157E6A005C780A /* Release */,
			);
			defaultConfigurationIsVisible = 0;
			defaultConfigurationName = Release;
		};
		08226FEF22157E6A005C780A /* Build configuration list for PBXNativeTarget "TodoList" */ = {
			isa = XCConfigurationList;
			buildConfigurations = (
				08226FF022157E6A005C780A /* Debug */,
				08226FF122157E6A005C780A /* Release */,
			);
			defaultConfigurationIsVisible = 0;
			defaultConfigurationName = Release;
		};
/* End XCConfigurationList section */
	};
	rootObject = 08226FD522157E68005C780A /* Project object */;
}
